<?xml version="1.0" encoding="utf-8"?>
<Project ToolsVersion="4.0" xmlns="http://schemas.microsoft.com/developer/msbuild/2003">
  <ItemGroup>
    <Filter Include="Header Files">
      <UniqueIdentifier>{93995380-89BD-4b04-88EB-625FBE52EBFB}</UniqueIdentifier>
      <Extensions>h;hpp;hxx;hm;inl;inc;xsd</Extensions>
    </Filter>
    <Filter Include="Generated Files">
      <UniqueIdentifier>{d0aaf9da-32bb-469e-b4df-5f68dc7271eb}</UniqueIdentifier>
    </Filter>
  </ItemGroup>
  <ItemGroup>
    <ClInclude Include="ppc\cpu.h">
      <Filter>Header Files</Filter>
    </ClInclude>
    <ClInclude Include="ppc\instructions.h">
      <Filter>Header Files</Filter>
    </ClInclude>
    <ClInclude Include="emugen_instr_list.h">
      <Filter>Generated Files</Filter>
    </ClInclude>
    <ClInclude Include="emugen_instr_table.h">
      <Filter>Generated Files</Filter>
    </ClInclude>
  </ItemGroup>
</Project>