<?xml version="1.0" encoding="utf-8"?>
<Project ToolsVersion="4.0" xmlns="http://schemas.microsoft.com/developer/msbuild/2003">
  <ItemGroup>
    <Filter Include="Source Files">
      <UniqueIdentifier>{4FC737F1-C7A5-4376-A066-2A32D752A2FF}</UniqueIdentifier>
      <Extensions>cpp;c;cc;cxx;def;odl;idl;hpj;bat;asm;asmx</Extensions>
    </Filter>
    <Filter Include="Header Files">
      <UniqueIdentifier>{93995380-89BD-4b04-88EB-625FBE52EBFB}</UniqueIdentifier>
      <Extensions>h;hpp;hxx;hm;inl;inc;xsd</Extensions>
    </Filter>
    <Filter Include="Header Files\xex">
      <UniqueIdentifier>{4f412c0d-9c0d-4349-a090-e6f0ed7c8827}</UniqueIdentifier>
    </Filter>
    <Filter Include="Source Files\xex">
      <UniqueIdentifier>{54b67736-612f-423a-984e-9d64c1a6b711}</UniqueIdentifier>
    </Filter>
  </ItemGroup>
  <ItemGroup>
    <ClCompile Include="main.cpp">
      <Filter>Source Files</Filter>
    </ClCompile>
    <ClCompile Include="system.cpp">
      <Filter>Source Files</Filter>
    </ClCompile>
    <ClCompile Include="imports.cpp">
      <Filter>Source Files</Filter>
    </ClCompile>
    <ClCompile Include="kernel.cpp">
      <Filter>Source Files</Filter>
    </ClCompile>
    <ClCompile Include="analyse.cpp">
      <Filter>Source Files</Filter>
    </ClCompile>
    <ClCompile Include="xex\loader.cpp">
      <Filter>Source Files\xex</Filter>
    </ClCompile>
    <ClCompile Include="xex\rijndael-alf-fst.cpp">
      <Filter>Source Files\xex</Filter>
    </ClCompile>
  </ItemGroup>
  <ItemGroup>
    <ClInclude Include="system.h">
      <Filter>Header Files</Filter>
    </ClInclude>
    <ClInclude Include="xex\aes.h">
      <Filter>Header Files\xex</Filter>
    </ClInclude>
    <ClInclude Include="xex\optionalheaders.h">
      <Filter>Header Files\xex</Filter>
    </ClInclude>
    <ClInclude Include="xex\rijndael-alg-fst.h">
      <Filter>Header Files\xex</Filter>
    </ClInclude>
    <ClInclude Include="xex\xex.h">
      <Filter>Header Files\xex</Filter>
    </ClInclude>
  </ItemGroup>
</Project>